
Microsoft Visual Studio Solution File, Format Version 12.00
# Visual Studio Version 16
VisualStudioVersion = 16.0.31729.503
MinimumVisualStudioVersion = 10.0.40219.1
Project("{FAE04EC0-301F-11D3-BF4B-00C04F79EFBC}") = "Login", "Login\Login.csproj", "{8C42E229-54DD-42BC-A090-8C8E8EDEB883}"
EndProject
Global
	GlobalSection(SolutionConfigurationPlatforms) = preSolution
		Debug|Any CPU = Debug|Any CPU
		Release|Any CPU = Release|Any CPU
	EndGlobalSection
	GlobalSection(ProjectConfigurationPlatforms) = postSolution
		{8C42E229-54DD-42BC-A090-8C8E8EDEB883}.Debug|Any CPU.ActiveCfg = Debug|Any CPU
		{8C42E229-54DD-42BC-A090-8C8E8EDEB883}.Debug|Any CPU.Build.0 = Debug|Any CPU
		{8C42E229-54DD-42BC-A090-8C8E8EDEB883}.Release|Any CPU.ActiveCfg = Release|Any CPU
		{8C42E229-54DD-42BC-A090-8C8E8EDEB883}.Release|Any CPU.Build.0 = Release|Any CPU
	EndGlobalSection
	GlobalSection(SolutionProperties) = preSolution
		HideSolutionNode = FALSE
	EndGlobalSection
	GlobalSection(ExtensibilityGlobals) = postSolution
		SolutionGuid = {732974C3-9498-4354-9124-21162D5A166A}
	EndGlobalSection
EndGlobal
